
Microsoft Visual Studio Solution File, Format Version 12.00
# Visual Studio Version 17
VisualStudioVersion = 17.7.34009.444
MinimumVisualStudioVersion = 10.0.40219.1
Project("{FAE04EC0-301F-11D3-BF4B-00C04F79EFBC}") = "Railway_Reservation", "Railway_Reservation\Railway_Reservation.csproj", "{5E0A93A0-FE42-450B-8155-6B28C58EF5A1}"
EndProject
Global
	GlobalSection(SolutionConfigurationPlatforms) = preSolution
		Debug|Any CPU = Debug|Any CPU
		Release|Any CPU = Release|Any CPU
	EndGlobalSection
	GlobalSection(ProjectConfigurationPlatforms) = postSolution
		{5E0A93A0-FE42-450B-8155-6B28C58EF5A1}.Debug|Any CPU.ActiveCfg = Debug|Any CPU
		{5E0A93A0-FE42-450B-8155-6B28C58EF5A1}.Debug|Any CPU.Build.0 = Debug|Any CPU
		{5E0A93A0-FE42-450B-8155-6B28C58EF5A1}.Release|Any CPU.ActiveCfg = Release|Any CPU
		{5E0A93A0-FE42-450B-8155-6B28C58EF5A1}.Release|Any CPU.Build.0 = Release|Any CPU
	EndGlobalSection
	GlobalSection(SolutionProperties) = preSolution
		HideSolutionNode = FALSE
	EndGlobalSection
	GlobalSection(ExtensibilityGlobals) = postSolution
		SolutionGuid = {F6866513-2F96-40F4-B60A-12CB79F729BF}
	EndGlobalSection
EndGlobal
